// !$*UTF8*$!
{
	archiveVersion = 1;
	classes = {
	};
	objectVersion = 55;
	objects = {

/* Begin PBXBuildFile section */
		4115CF2628A33295008119A8 /* blinkUP_DemoApp.swift in Sources */ = {isa = PBXBuildFile; fileRef = 4115CF2528A33295008119A8 /* blinkUP_DemoApp.swift */; };
		4115CF2828A33295008119A8 /* ContentView.swift in Sources */ = {isa = PBXBuildFile; fileRef = 4115CF2728A33295008119A8 /* ContentView.swift */; };
		4115CF2A28A33297008119A8 /* Assets.xcassets in Resources */ = {isa = PBXBuildFile; fileRef = 4115CF2928A33297008119A8 /* Assets.xcassets */; };
		4115CF2D28A33297008119A8 /* Preview Assets.xcassets in Resources */ = {isa = PBXBuildFile; fileRef = 4115CF2C28A33297008119A8 /* Preview Assets.xcassets */; };
		4115CF3828A33F21008119A8 /* MockDataStore.swift in Sources */ = {isa = PBXBuildFile; fileRef = 4115CF3728A33F21008119A8 /* MockDataStore.swift */; };
		4115CF3A28A33F85008119A8 /* Friend.swift in Sources */ = {isa = PBXBuildFile; fileRef = 4115CF3928A33F85008119A8 /* Friend.swift */; };
		4115CF3C28A33F92008119A8 /* Group.swift in Sources */ = {isa = PBXBuildFile; fileRef = 4115CF3B28A33F92008119A8 /* Group.swift */; };
		416800C228A3DBC4009212F3 /* HomeView.swift in Sources */ = {isa = PBXBuildFile; fileRef = 416800C128A3DBC4009212F3 /* HomeView.swift */; };
		416800C428A3DBEC009212F3 /* FriendsGroupsContainerView.swift in Sources */ = {isa = PBXBuildFile; fileRef = 416800C328A3DBEC009212F3 /* FriendsGroupsContainerView.swift */; };
		416800C628A3DBF8009212F3 /* FriendsListView.swift in Sources */ = {isa = PBXBuildFile; fileRef = 416800C528A3DBF8009212F3 /* FriendsListView.swift */; };
		416800C828A3DC01009212F3 /* GroupsListView.swift in Sources */ = {isa = PBXBuildFile; fileRef = 416800C728A3DC01009212F3 /* GroupsListView.swift */; };
		416800CA28A3DC09009212F3 /* SearchView.swift in Sources */ = {isa = PBXBuildFile; fileRef = 416800C928A3DC09009212F3 /* SearchView.swift */; };
		416800CC28A3DC12009212F3 /* ProfileView.swift in Sources */ = {isa = PBXBuildFile; fileRef = 416800CB28A3DC12009212F3 /* ProfileView.swift */; };
		416800CE28A41CBD009212F3 /* GroupViewModel.swift in Sources */ = {isa = PBXBuildFile; fileRef = 416800CD28A41CBD009212F3 /* GroupViewModel.swift */; };
		416800D028A41CC8009212F3 /* FriendViewModel.swift in Sources */ = {isa = PBXBuildFile; fileRef = 416800CF28A41CC8009212F3 /* FriendViewModel.swift */; };
		416800D228A41CE0009212F3 /* MessageViewModel.swift in Sources */ = {isa = PBXBuildFile; fileRef = 416800D128A41CE0009212F3 /* MessageViewModel.swift */; };
		416800D428A41CF3009212F3 /* MeetUpViewModel.swift in Sources */ = {isa = PBXBuildFile; fileRef = 416800D328A41CF3009212F3 /* MeetUpViewModel.swift */; };
		416800D628A425D3009212F3 /* FriendsListViewModel.swift in Sources */ = {isa = PBXBuildFile; fileRef = 416800D528A425D3009212F3 /* FriendsListViewModel.swift */; };
		416800D828A425DE009212F3 /* GroupsListViewModel.swift in Sources */ = {isa = PBXBuildFile; fileRef = 416800D728A425DE009212F3 /* GroupsListViewModel.swift */; };
		416800DA28A43305009212F3 /* FriendRow.swift in Sources */ = {isa = PBXBuildFile; fileRef = 416800D928A43305009212F3 /* FriendRow.swift */; };
		416800DC28A447CE009212F3 /* GroupRow.swift in Sources */ = {isa = PBXBuildFile; fileRef = 416800DB28A447CE009212F3 /* GroupRow.swift */; };
		41EC7EE428A8464A0068B20C /* GroupDetailView.swift in Sources */ = {isa = PBXBuildFile; fileRef = 41EC7EE328A8464A0068B20C /* GroupDetailView.swift */; };
		41EC7EE828A84D150068B20C /* AppNavBarView.swift in Sources */ = {isa = PBXBuildFile; fileRef = 41EC7EE728A84D150068B20C /* AppNavBarView.swift */; };
		41EC7EEA28A84EFC0068B20C /* CustomNavBarView.swift in Sources */ = {isa = PBXBuildFile; fileRef = 41EC7EE928A84EFC0068B20C /* CustomNavBarView.swift */; };
		41EC7EEC28A924CC0068B20C /* CustomNavBarContainerView.swift in Sources */ = {isa = PBXBuildFile; fileRef = 41EC7EEB28A924CC0068B20C /* CustomNavBarContainerView.swift */; };
		41EC7EEE28A928A00068B20C /* CustomNavView.swift in Sources */ = {isa = PBXBuildFile; fileRef = 41EC7EED28A928A00068B20C /* CustomNavView.swift */; };
		41EC7EF028A92CE30068B20C /* CustomNavLink.swift in Sources */ = {isa = PBXBuildFile; fileRef = 41EC7EEF28A92CE30068B20C /* CustomNavLink.swift */; };
		41EC7EF228A938AC0068B20C /* CustomNavBarPreferenceKeys.swift in Sources */ = {isa = PBXBuildFile; fileRef = 41EC7EF128A938AB0068B20C /* CustomNavBarPreferenceKeys.swift */; };
		41EC7EF628AAB15E0068B20C /* FriendDetailView.swift in Sources */ = {isa = PBXBuildFile; fileRef = 41EC7EF528AAB15E0068B20C /* FriendDetailView.swift */; };
/* End PBXBuildFile section */

/* Begin PBXFileReference section */
		4115CF2228A33295008119A8 /* blinkUP-Demo.app */ = {isa = PBXFileReference; explicitFileType = wrapper.application; includeInIndex = 0; path = "blinkUP-Demo.app"; sourceTree = BUILT_PRODUCTS_DIR; };
		4115CF2528A33295008119A8 /* blinkUP_DemoApp.swift */ = {isa = PBXFileReference; lastKnownFileType = sourcecode.swift; path = blinkUP_DemoApp.swift; sourceTree = "<group>"; };
		4115CF2728A33295008119A8 /* ContentView.swift */ = {isa = PBXFileReference; lastKnownFileType = sourcecode.swift; path = ContentView.swift; sourceTree = "<group>"; };
		4115CF2928A33297008119A8 /* Assets.xcassets */ = {isa = PBXFileReference; lastKnownFileType = folder.assetcatalog; path = Assets.xcassets; sourceTree = "<group>"; };
		4115CF2C28A33297008119A8 /* Preview Assets.xcassets */ = {isa = PBXFileReference; lastKnownFileType = folder.assetcatalog; path = "Preview Assets.xcassets"; sourceTree = "<group>"; };
		4115CF3728A33F21008119A8 /* MockDataStore.swift */ = {isa = PBXFileReference; lastKnownFileType = sourcecode.swift; path = MockDataStore.swift; sourceTree = "<group>"; };
		4115CF3928A33F85008119A8 /* Friend.swift */ = {isa = PBXFileReference; lastKnownFileType = sourcecode.swift; path = Friend.swift; sourceTree = "<group>"; };
		4115CF3B28A33F92008119A8 /* Group.swift */ = {isa = PBXFileReference; lastKnownFileType = sourcecode.swift; path = Group.swift; sourceTree = "<group>"; };
		416800C128A3DBC4009212F3 /* HomeView.swift */ = {isa = PBXFileReference; lastKnownFileType = sourcecode.swift; path = HomeView.swift; sourceTree = "<group>"; };
		416800C328A3DBEC009212F3 /* FriendsGroupsContainerView.swift */ = {isa = PBXFileReference; lastKnownFileType = sourcecode.swift; path = FriendsGroupsContainerView.swift; sourceTree = "<group>"; };
		416800C528A3DBF8009212F3 /* FriendsListView.swift */ = {isa = PBXFileReference; lastKnownFileType = sourcecode.swift; path = FriendsListView.swift; sourceTree = "<group>"; };
		416800C728A3DC01009212F3 /* GroupsListView.swift */ = {isa = PBXFileReference; lastKnownFileType = sourcecode.swift; path = GroupsListView.swift; sourceTree = "<group>"; };
		416800C928A3DC09009212F3 /* SearchView.swift */ = {isa = PBXFileReference; lastKnownFileType = sourcecode.swift; path = SearchView.swift; sourceTree = "<group>"; };
		416800CB28A3DC12009212F3 /* ProfileView.swift */ = {isa = PBXFileReference; lastKnownFileType = sourcecode.swift; path = ProfileView.swift; sourceTree = "<group>"; };
		416800CD28A41CBD009212F3 /* GroupViewModel.swift */ = {isa = PBXFileReference; lastKnownFileType = sourcecode.swift; path = GroupViewModel.swift; sourceTree = "<group>"; };
		416800CF28A41CC8009212F3 /* FriendViewModel.swift */ = {isa = PBXFileReference; lastKnownFileType = sourcecode.swift; path = FriendViewModel.swift; sourceTree = "<group>"; };
		416800D128A41CE0009212F3 /* MessageViewModel.swift */ = {isa = PBXFileReference; lastKnownFileType = sourcecode.swift; path = MessageViewModel.swift; sourceTree = "<group>"; };
		416800D328A41CF3009212F3 /* MeetUpViewModel.swift */ = {isa = PBXFileReference; lastKnownFileType = sourcecode.swift; path = MeetUpViewModel.swift; sourceTree = "<group>"; };
		416800D528A425D3009212F3 /* FriendsListViewModel.swift */ = {isa = PBXFileReference; lastKnownFileType = sourcecode.swift; path = FriendsListViewModel.swift; sourceTree = "<group>"; };
		416800D728A425DE009212F3 /* GroupsListViewModel.swift */ = {isa = PBXFileReference; lastKnownFileType = sourcecode.swift; path = GroupsListViewModel.swift; sourceTree = "<group>"; };
		416800D928A43305009212F3 /* FriendRow.swift */ = {isa = PBXFileReference; lastKnownFileType = sourcecode.swift; path = FriendRow.swift; sourceTree = "<group>"; };
		416800DB28A447CE009212F3 /* GroupRow.swift */ = {isa = PBXFileReference; lastKnownFileType = sourcecode.swift; path = GroupRow.swift; sourceTree = "<group>"; };
		41EC7EE328A8464A0068B20C /* GroupDetailView.swift */ = {isa = PBXFileReference; lastKnownFileType = sourcecode.swift; path = GroupDetailView.swift; sourceTree = "<group>"; };
		41EC7EE728A84D150068B20C /* AppNavBarView.swift */ = {isa = PBXFileReference; lastKnownFileType = sourcecode.swift; path = AppNavBarView.swift; sourceTree = "<group>"; };
		41EC7EE928A84EFC0068B20C /* CustomNavBarView.swift */ = {isa = PBXFileReference; lastKnownFileType = sourcecode.swift; path = CustomNavBarView.swift; sourceTree = "<group>"; };
		41EC7EEB28A924CC0068B20C /* CustomNavBarContainerView.swift */ = {isa = PBXFileReference; lastKnownFileType = sourcecode.swift; path = CustomNavBarContainerView.swift; sourceTree = "<group>"; };
		41EC7EED28A928A00068B20C /* CustomNavView.swift */ = {isa = PBXFileReference; lastKnownFileType = sourcecode.swift; path = CustomNavView.swift; sourceTree = "<group>"; };
		41EC7EEF28A92CE30068B20C /* CustomNavLink.swift */ = {isa = PBXFileReference; lastKnownFileType = sourcecode.swift; path = CustomNavLink.swift; sourceTree = "<group>"; };
		41EC7EF128A938AB0068B20C /* CustomNavBarPreferenceKeys.swift */ = {isa = PBXFileReference; lastKnownFileType = sourcecode.swift; path = CustomNavBarPreferenceKeys.swift; sourceTree = "<group>"; };
		41EC7EF528AAB15E0068B20C /* FriendDetailView.swift */ = {isa = PBXFileReference; lastKnownFileType = sourcecode.swift; path = FriendDetailView.swift; sourceTree = "<group>"; };
/* End PBXFileReference section */

/* Begin PBXFrameworksBuildPhase section */
		4115CF1F28A33295008119A8 /* Frameworks */ = {
			isa = PBXFrameworksBuildPhase;
			buildActionMask = 2147483647;
			files = (
			);
			runOnlyForDeploymentPostprocessing = 0;
		};
/* End PBXFrameworksBuildPhase section */

/* Begin PBXGroup section */
		4115CF1928A33295008119A8 = {
			isa = PBXGroup;
			children = (
				4115CF2428A33295008119A8 /* blinkUP-Demo */,
				4115CF2328A33295008119A8 /* Products */,
			);
			sourceTree = "<group>";
		};
		4115CF2328A33295008119A8 /* Products */ = {
			isa = PBXGroup;
			children = (
				4115CF2228A33295008119A8 /* blinkUP-Demo.app */,
			);
			name = Products;
			sourceTree = "<group>";
		};
		4115CF2428A33295008119A8 /* blinkUP-Demo */ = {
			isa = PBXGroup;
			children = (
				4115CF2728A33295008119A8 /* ContentView.swift */,
				41EC7EF428AAB0700068B20C /* Tabs */,
				4115CF3628A33F10008119A8 /* Networking */,
				4115CF3328A33EC8008119A8 /* Models */,
				4115CF3428A33ECF008119A8 /* View Models */,
				4115CF3528A33ED6008119A8 /* Views */,
				4115CF2528A33295008119A8 /* blinkUP_DemoApp.swift */,
				4115CF2928A33297008119A8 /* Assets.xcassets */,
				4115CF2B28A33297008119A8 /* Preview Content */,
			);
			path = "blinkUP-Demo";
			sourceTree = "<group>";
		};
		4115CF2B28A33297008119A8 /* Preview Content */ = {
			isa = PBXGroup;
			children = (
				4115CF2C28A33297008119A8 /* Preview Assets.xcassets */,
			);
			path = "Preview Content";
			sourceTree = "<group>";
		};
		4115CF3328A33EC8008119A8 /* Models */ = {
			isa = PBXGroup;
			children = (
				4115CF3928A33F85008119A8 /* Friend.swift */,
				4115CF3B28A33F92008119A8 /* Group.swift */,
			);
			path = Models;
			sourceTree = "<group>";
		};
		4115CF3428A33ECF008119A8 /* View Models */ = {
			isa = PBXGroup;
			children = (
				416800CD28A41CBD009212F3 /* GroupViewModel.swift */,
				416800CF28A41CC8009212F3 /* FriendViewModel.swift */,
				416800D128A41CE0009212F3 /* MessageViewModel.swift */,
				416800D328A41CF3009212F3 /* MeetUpViewModel.swift */,
				416800D528A425D3009212F3 /* FriendsListViewModel.swift */,
				416800D728A425DE009212F3 /* GroupsListViewModel.swift */,
			);
			path = "View Models";
			sourceTree = "<group>";
		};
		4115CF3528A33ED6008119A8 /* Views */ = {
			isa = PBXGroup;
			children = (
				41EC7EE628A84CB40068B20C /* Custom Navigation View */,
				416800C328A3DBEC009212F3 /* FriendsGroupsContainerView.swift */,
				41EC7EE528A846580068B20C /* Groups */,
				41EC7EF328AAB0430068B20C /* Friends */,
			);
			path = Views;
			sourceTree = "<group>";
		};
		4115CF3628A33F10008119A8 /* Networking */ = {
			isa = PBXGroup;
			children = (
				4115CF3728A33F21008119A8 /* MockDataStore.swift */,
			);
			path = Networking;
			sourceTree = "<group>";
		};
		41EC7EE528A846580068B20C /* Groups */ = {
			isa = PBXGroup;
			children = (
				41EC7EE328A8464A0068B20C /* GroupDetailView.swift */,
				416800C728A3DC01009212F3 /* GroupsListView.swift */,
				416800DB28A447CE009212F3 /* GroupRow.swift */,
			);
			path = Groups;
			sourceTree = "<group>";
		};
		41EC7EE628A84CB40068B20C /* Custom Navigation View */ = {
			isa = PBXGroup;
			children = (
				41EC7EE728A84D150068B20C /* AppNavBarView.swift */,
				41EC7EED28A928A00068B20C /* CustomNavView.swift */,
				41EC7EE928A84EFC0068B20C /* CustomNavBarView.swift */,
				41EC7EEB28A924CC0068B20C /* CustomNavBarContainerView.swift */,
				41EC7EEF28A92CE30068B20C /* CustomNavLink.swift */,
				41EC7EF128A938AB0068B20C /* CustomNavBarPreferenceKeys.swift */,
			);
			path = "Custom Navigation View";
			sourceTree = "<group>";
		};
		41EC7EF328AAB0430068B20C /* Friends */ = {
			isa = PBXGroup;
			children = (
				41EC7EF528AAB15E0068B20C /* FriendDetailView.swift */,
				416800C528A3DBF8009212F3 /* FriendsListView.swift */,
				416800D928A43305009212F3 /* FriendRow.swift */,
			);
			path = Friends;
			sourceTree = "<group>";
		};
		41EC7EF428AAB0700068B20C /* Tabs */ = {
			isa = PBXGroup;
			children = (
				416800C128A3DBC4009212F3 /* HomeView.swift */,
				416800C928A3DC09009212F3 /* SearchView.swift */,
				416800CB28A3DC12009212F3 /* ProfileView.swift */,
			);
			path = Tabs;
			sourceTree = "<group>";
		};
/* End PBXGroup section */

/* Begin PBXNativeTarget section */
		4115CF2128A33295008119A8 /* blinkUP-Demo */ = {
			isa = PBXNativeTarget;
			buildConfigurationList = 4115CF3028A33297008119A8 /* Build configuration list for PBXNativeTarget "blinkUP-Demo" */;
			buildPhases = (
				4115CF1E28A33295008119A8 /* Sources */,
				4115CF1F28A33295008119A8 /* Frameworks */,
				4115CF2028A33295008119A8 /* Resources */,
			);
			buildRules = (
			);
			dependencies = (
			);
			name = "blinkUP-Demo";
			productName = "blinkUP-Demo";
			productReference = 4115CF2228A33295008119A8 /* blinkUP-Demo.app */;
			productType = "com.apple.product-type.application";
		};
/* End PBXNativeTarget section */

/* Begin PBXProject section */
		4115CF1A28A33295008119A8 /* Project object */ = {
			isa = PBXProject;
			attributes = {
				BuildIndependentTargetsInParallel = 1;
				LastSwiftUpdateCheck = 1340;
				LastUpgradeCheck = 1340;
				TargetAttributes = {
					4115CF2128A33295008119A8 = {
						CreatedOnToolsVersion = 13.4.1;
					};
				};
			};
			buildConfigurationList = 4115CF1D28A33295008119A8 /* Build configuration list for PBXProject "blinkUP-Demo" */;
			compatibilityVersion = "Xcode 13.0";
			developmentRegion = en;
			hasScannedForEncodings = 0;
			knownRegions = (
				en,
				Base,
			);
			mainGroup = 4115CF1928A33295008119A8;
			productRefGroup = 4115CF2328A33295008119A8 /* Products */;
			projectDirPath = "";
			projectRoot = "";
			targets = (
				4115CF2128A33295008119A8 /* blinkUP-Demo */,
			);
		};
/* End PBXProject section */

/* Begin PBXResourcesBuildPhase section */
		4115CF2028A33295008119A8 /* Resources */ = {
			isa = PBXResourcesBuildPhase;
			buildActionMask = 2147483647;
			files = (
				4115CF2D28A33297008119A8 /* Preview Assets.xcassets in Resources */,
				4115CF2A28A33297008119A8 /* Assets.xcassets in Resources */,
			);
			runOnlyForDeploymentPostprocessing = 0;
		};
/* End PBXResourcesBuildPhase section */

/* Begin PBXSourcesBuildPhase section */
		4115CF1E28A33295008119A8 /* Sources */ = {
			isa = PBXSourcesBuildPhase;
			buildActionMask = 2147483647;
			files = (
				416800CA28A3DC09009212F3 /* SearchView.swift in Sources */,
				416800D028A41CC8009212F3 /* FriendViewModel.swift in Sources */,
				41EC7EE828A84D150068B20C /* AppNavBarView.swift in Sources */,
				416800C828A3DC01009212F3 /* GroupsListView.swift in Sources */,
				4115CF2828A33295008119A8 /* ContentView.swift in Sources */,
				416800DA28A43305009212F3 /* FriendRow.swift in Sources */,
				416800D428A41CF3009212F3 /* MeetUpViewModel.swift in Sources */,
				416800D228A41CE0009212F3 /* MessageViewModel.swift in Sources */,
				41EC7EE428A8464A0068B20C /* GroupDetailView.swift in Sources */,
				4115CF3828A33F21008119A8 /* MockDataStore.swift in Sources */,
				416800C628A3DBF8009212F3 /* FriendsListView.swift in Sources */,
				41EC7EEC28A924CC0068B20C /* CustomNavBarContainerView.swift in Sources */,
				41EC7EF628AAB15E0068B20C /* FriendDetailView.swift in Sources */,
				41EC7EF228A938AC0068B20C /* CustomNavBarPreferenceKeys.swift in Sources */,
				416800D628A425D3009212F3 /* FriendsListViewModel.swift in Sources */,
				4115CF2628A33295008119A8 /* blinkUP_DemoApp.swift in Sources */,
				41EC7EF028A92CE30068B20C /* CustomNavLink.swift in Sources */,
				416800DC28A447CE009212F3 /* GroupRow.swift in Sources */,
				416800C228A3DBC4009212F3 /* HomeView.swift in Sources */,
				4115CF3C28A33F92008119A8 /* Group.swift in Sources */,
				41EC7EEE28A928A00068B20C /* CustomNavView.swift in Sources */,
				416800CE28A41CBD009212F3 /* GroupViewModel.swift in Sources */,
				41EC7EEA28A84EFC0068B20C /* CustomNavBarView.swift in Sources */,
				416800C428A3DBEC009212F3 /* FriendsGroupsContainerView.swift in Sources */,
				416800CC28A3DC12009212F3 /* ProfileView.swift in Sources */,
				416800D828A425DE009212F3 /* GroupsListViewModel.swift in Sources */,
				4115CF3A28A33F85008119A8 /* Friend.swift in Sources */,
			);
			runOnlyForDeploymentPostprocessing = 0;
		};
/* End PBXSourcesBuildPhase section */

/* Begin XCBuildConfiguration section */
		4115CF2E28A33297008119A8 /* Debug */ = {
			isa = XCBuildConfiguration;
			buildSettings = {
				ALWAYS_SEARCH_USER_PATHS = NO;
				CLANG_ANALYZER_NONNULL = YES;
				CLANG_ANALYZER_NUMBER_OBJECT_CONVERSION = YES_AGGRESSIVE;
				CLANG_CXX_LANGUAGE_STANDARD = "gnu++17";
				CLANG_ENABLE_MODULES = YES;
				CLANG_ENABLE_OBJC_ARC = YES;
				CLANG_ENABLE_OBJC_WEAK = YES;
				CLANG_WARN_BLOCK_CAPTURE_AUTORELEASING = YES;
				CLANG_WARN_BOOL_CONVERSION = YES;
				CLANG_WARN_COMMA = YES;
				CLANG_WARN_CONSTANT_CONVERSION = YES;
				CLANG_WARN_DEPRECATED_OBJC_IMPLEMENTATIONS = YES;
				CLANG_WARN_DIRECT_OBJC_ISA_USAGE = YES_ERROR;
				CLANG_WARN_DOCUMENTATION_COMMENTS = YES;
				CLANG_WARN_EMPTY_BODY = YES;
				CLANG_WARN_ENUM_CONVERSION = YES;
				CLANG_WARN_INFINITE_RECURSION = YES;
				CLANG_WARN_INT_CONVERSION = YES;
				CLANG_WARN_NON_LITERAL_NULL_CONVERSION = YES;
				CLANG_WARN_OBJC_IMPLICIT_RETAIN_SELF = YES;
				CLANG_WARN_OBJC_LITERAL_CONVERSION = YES;
				CLANG_WARN_OBJC_ROOT_CLASS = YES_ERROR;
				CLANG_WARN_QUOTED_INCLUDE_IN_FRAMEWORK_HEADER = YES;
				CLANG_WARN_RANGE_LOOP_ANALYSIS = YES;
				CLANG_WARN_STRICT_PROTOTYPES = YES;
				CLANG_WARN_SUSPICIOUS_MOVE = YES;
				CLANG_WARN_UNGUARDED_AVAILABILITY = YES_AGGRESSIVE;
				CLANG_WARN_UNREACHABLE_CODE = YES;
				CLANG_WARN__DUPLICATE_METHOD_MATCH = YES;
				COPY_PHASE_STRIP = NO;
				DEBUG_INFORMATION_FORMAT = dwarf;
				ENABLE_STRICT_OBJC_MSGSEND = YES;
				ENABLE_TESTABILITY = YES;
				GCC_C_LANGUAGE_STANDARD = gnu11;
				GCC_DYNAMIC_NO_PIC = NO;
				GCC_NO_COMMON_BLOCKS = YES;
				GCC_OPTIMIZATION_LEVEL = 0;
				GCC_PREPROCESSOR_DEFINITIONS = (
					"DEBUG=1",
					"$(inherited)",
				);
				GCC_WARN_64_TO_32_BIT_CONVERSION = YES;
				GCC_WARN_ABOUT_RETURN_TYPE = YES_ERROR;
				GCC_WARN_UNDECLARED_SELECTOR = YES;
				GCC_WARN_UNINITIALIZED_AUTOS = YES_AGGRESSIVE;
				GCC_WARN_UNUSED_FUNCTION = YES;
				GCC_WARN_UNUSED_VARIABLE = YES;
				IPHONEOS_DEPLOYMENT_TARGET = 15.5;
				MTL_ENABLE_DEBUG_INFO = INCLUDE_SOURCE;
				MTL_FAST_MATH = YES;
				ONLY_ACTIVE_ARCH = YES;
				SDKROOT = iphoneos;
				SWIFT_ACTIVE_COMPILATION_CONDITIONS = DEBUG;
				SWIFT_OPTIMIZATION_LEVEL = "-Onone";
			};
			name = Debug;
		};
		4115CF2F28A33297008119A8 /* Release */ = {
			isa = XCBuildConfiguration;
			buildSettings = {
				ALWAYS_SEARCH_USER_PATHS = NO;
				CLANG_ANALYZER_NONNULL = YES;
				CLANG_ANALYZER_NUMBER_OBJECT_CONVERSION = YES_AGGRESSIVE;
				CLANG_CXX_LANGUAGE_STANDARD = "gnu++17";
				CLANG_ENABLE_MODULES = YES;
				CLANG_ENABLE_OBJC_ARC = YES;
				CLANG_ENABLE_OBJC_WEAK = YES;
				CLANG_WARN_BLOCK_CAPTURE_AUTORELEASING = YES;
				CLANG_WARN_BOOL_CONVERSION = YES;
				CLANG_WARN_COMMA = YES;
				CLANG_WARN_CONSTANT_CONVERSION = YES;
				CLANG_WARN_DEPRECATED_OBJC_IMPLEMENTATIONS = YES;
				CLANG_WARN_DIRECT_OBJC_ISA_USAGE = YES_ERROR;
				CLANG_WARN_DOCUMENTATION_COMMENTS = YES;
				CLANG_WARN_EMPTY_BODY = YES;
				CLANG_WARN_ENUM_CONVERSION = YES;
				CLANG_WARN_INFINITE_RECURSION = YES;
				CLANG_WARN_INT_CONVERSION = YES;
				CLANG_WARN_NON_LITERAL_NULL_CONVERSION = YES;
				CLANG_WARN_OBJC_IMPLICIT_RETAIN_SELF = YES;
				CLANG_WARN_OBJC_LITERAL_CONVERSION = YES;
				CLANG_WARN_OBJC_ROOT_CLASS = YES_ERROR;
				CLANG_WARN_QUOTED_INCLUDE_IN_FRAMEWORK_HEADER = YES;
				CLANG_WARN_RANGE_LOOP_ANALYSIS = YES;
				CLANG_WARN_STRICT_PROTOTYPES = YES;
				CLANG_WARN_SUSPICIOUS_MOVE = YES;
				CLANG_WARN_UNGUARDED_AVAILABILITY = YES_AGGRESSIVE;
				CLANG_WARN_UNREACHABLE_CODE = YES;
				CLANG_WARN__DUPLICATE_METHOD_MATCH = YES;
				COPY_PHASE_STRIP = NO;
				DEBUG_INFORMATION_FORMAT = "dwarf-with-dsym";
				ENABLE_NS_ASSERTIONS = NO;
				ENABLE_STRICT_OBJC_MSGSEND = YES;
				GCC_C_LANGUAGE_STANDARD = gnu11;
				GCC_NO_COMMON_BLOCKS = YES;
				GCC_WARN_64_TO_32_BIT_CONVERSION = YES;
				GCC_WARN_ABOUT_RETURN_TYPE = YES_ERROR;
				GCC_WARN_UNDECLARED_SELECTOR = YES;
				GCC_WARN_UNINITIALIZED_AUTOS = YES_AGGRESSIVE;
				GCC_WARN_UNUSED_FUNCTION = YES;
				GCC_WARN_UNUSED_VARIABLE = YES;
				IPHONEOS_DEPLOYMENT_TARGET = 15.5;
				MTL_ENABLE_DEBUG_INFO = NO;
				MTL_FAST_MATH = YES;
				SDKROOT = iphoneos;
				SWIFT_COMPILATION_MODE = wholemodule;
				SWIFT_OPTIMIZATION_LEVEL = "-O";
				VALIDATE_PRODUCT = YES;
			};
			name = Release;
		};
		4115CF3128A33297008119A8 /* Debug */ = {
			isa = XCBuildConfiguration;
			buildSettings = {
				ASSETCATALOG_COMPILER_APPICON_NAME = AppIcon;
				ASSETCATALOG_COMPILER_GLOBAL_ACCENT_COLOR_NAME = AccentColor;
				CODE_SIGN_STYLE = Automatic;
				CURRENT_PROJECT_VERSION = 1;
				DEVELOPMENT_ASSET_PATHS = "\"blinkUP-Demo/Preview Content\"";
				DEVELOPMENT_TEAM = 947MDTH7AR;
				ENABLE_PREVIEWS = YES;
				GENERATE_INFOPLIST_FILE = YES;
				INFOPLIST_KEY_UIApplicationSceneManifest_Generation = YES;
				INFOPLIST_KEY_UIApplicationSupportsIndirectInputEvents = YES;
				INFOPLIST_KEY_UILaunchScreen_Generation = YES;
				INFOPLIST_KEY_UISupportedInterfaceOrientations_iPad = "UIInterfaceOrientationPortrait UIInterfaceOrientationPortraitUpsideDown UIInterfaceOrientationLandscapeLeft UIInterfaceOrientationLandscapeRight";
				INFOPLIST_KEY_UISupportedInterfaceOrientations_iPhone = "UIInterfaceOrientationPortrait UIInterfaceOrientationLandscapeLeft UIInterfaceOrientationLandscapeRight";
				LD_RUNPATH_SEARCH_PATHS = (
					"$(inherited)",
					"@executable_path/Frameworks",
				);
				MARKETING_VERSION = 1.0;
				PRODUCT_BUNDLE_IDENTIFIER = "FrankfurtIndustries.blinkUP-Demo";
				PRODUCT_NAME = "$(TARGET_NAME)";
				SWIFT_EMIT_LOC_STRINGS = YES;
				SWIFT_VERSION = 5.0;
				TARGETED_DEVICE_FAMILY = "1,2";
			};
			name = Debug;
		};
		4115CF3228A33297008119A8 /* Release */ = {
			isa = XCBuildConfiguration;
			buildSettings = {
				ASSETCATALOG_COMPILER_APPICON_NAME = AppIcon;
				ASSETCATALOG_COMPILER_GLOBAL_ACCENT_COLOR_NAME = AccentColor;
				CODE_SIGN_STYLE = Automatic;
				CURRENT_PROJECT_VERSION = 1;
				DEVELOPMENT_ASSET_PATHS = "\"blinkUP-Demo/Preview Content\"";
				DEVELOPMENT_TEAM = 947MDTH7AR;
				ENABLE_PREVIEWS = YES;
				GENERATE_INFOPLIST_FILE = YES;
				INFOPLIST_KEY_UIApplicationSceneManifest_Generation = YES;
				INFOPLIST_KEY_UIApplicationSupportsIndirectInputEvents = YES;
				INFOPLIST_KEY_UILaunchScreen_Generation = YES;
				INFOPLIST_KEY_UISupportedInterfaceOrientations_iPad = "UIInterfaceOrientationPortrait UIInterfaceOrientationPortraitUpsideDown UIInterfaceOrientationLandscapeLeft UIInterfaceOrientationLandscapeRight";
				INFOPLIST_KEY_UISupportedInterfaceOrientations_iPhone = "UIInterfaceOrientationPortrait UIInterfaceOrientationLandscapeLeft UIInterfaceOrientationLandscapeRight";
				LD_RUNPATH_SEARCH_PATHS = (
					"$(inherited)",
					"@executable_path/Frameworks",
				);
				MARKETING_VERSION = 1.0;
				PRODUCT_BUNDLE_IDENTIFIER = "FrankfurtIndustries.blinkUP-Demo";
				PRODUCT_NAME = "$(TARGET_NAME)";
				SWIFT_EMIT_LOC_STRINGS = YES;
				SWIFT_VERSION = 5.0;
				TARGETED_DEVICE_FAMILY = "1,2";
			};
			name = Release;
		};
/* End XCBuildConfiguration section */

/* Begin XCConfigurationList section */
		4115CF1D28A33295008119A8 /* Build configuration list for PBXProject "blinkUP-Demo" */ = {
			isa = XCConfigurationList;
			buildConfigurations = (
				4115CF2E28A33297008119A8 /* Debug */,
				4115CF2F28A33297008119A8 /* Release */,
			);
			defaultConfigurationIsVisible = 0;
			defaultConfigurationName = Release;
		};
		4115CF3028A33297008119A8 /* Build configuration list for PBXNativeTarget "blinkUP-Demo" */ = {
			isa = XCConfigurationList;
			buildConfigurations = (
				4115CF3128A33297008119A8 /* Debug */,
				4115CF3228A33297008119A8 /* Release */,
			);
			defaultConfigurationIsVisible = 0;
			defaultConfigurationName = Release;
		};
/* End XCConfigurationList section */
	};
	rootObject = 4115CF1A28A33295008119A8 /* Project object */;
}
